
Microsoft Visual Studio Solution File, Format Version 12.00
# Visual Studio Version 17
VisualStudioVersion = 17.11.35431.28
MinimumVisualStudioVersion = 10.0.40219.1
Project("{FAE04EC0-301F-11D3-BF4B-00C04F79EFBC}") = "DemoBlazorWasm", "DemoBlazorWasm.csproj", "{8B9FC990-2514-4C8C-B1A3-E06FD52FD49F}"
EndProject
Global
	GlobalSection(SolutionConfigurationPlatforms) = preSolution
		Debug|Any CPU = Debug|Any CPU
		Release|Any CPU = Release|Any CPU
	EndGlobalSection
	GlobalSection(ProjectConfigurationPlatforms) = postSolution
		{8B9FC990-2514-4C8C-B1A3-E06FD52FD49F}.Debug|Any CPU.ActiveCfg = Debug|Any CPU
		{8B9FC990-2514-4C8C-B1A3-E06FD52FD49F}.Debug|Any CPU.Build.0 = Debug|Any CPU
		{8B9FC990-2514-4C8C-B1A3-E06FD52FD49F}.Release|Any CPU.ActiveCfg = Release|Any CPU
		{8B9FC990-2514-4C8C-B1A3-E06FD52FD49F}.Release|Any CPU.Build.0 = Release|Any CPU
	EndGlobalSection
	GlobalSection(SolutionProperties) = preSolution
		HideSolutionNode = FALSE
	EndGlobalSection
	GlobalSection(ExtensibilityGlobals) = postSolution
		SolutionGuid = {AD6300B6-CE6F-48A1-804A-66E744C624FC}
	EndGlobalSection
EndGlobal
